
Microsoft Visual Studio Solution File, Format Version 12.00
# Visual Studio 15
VisualStudioVersion = 15.0.26430.16
MinimumVisualStudioVersion = 10.0.40219.1
Project("{FAE04EC0-301F-11D3-BF4B-00C04F79EFBC}") = "TMarsupilami.Gh", "TMarsupilami.Gh\TMarsupilami.Gh.csproj", "{B7EB3A87-F9A1-4AF2-94CC-45E607F99BCC}"
EndProject
Project("{FAE04EC0-301F-11D3-BF4B-00C04F79EFBC}") = "TMarsupilami.CoreLib", "TMarsupilami.CoreLib\TMarsupilami.CoreLib.csproj", "{BE64AB3B-B65B-49AC-A09A-C04F1E207ED9}"
EndProject
Project("{FAE04EC0-301F-11D3-BF4B-00C04F79EFBC}") = "TMarsupilami.MathLib", "TMarsupilami.MathLib\TMarsupilami.MathLib.csproj", "{716AB6EA-8F46-443F-B6DE-A0BC33022739}"
EndProject
Project("{FAE04EC0-301F-11D3-BF4B-00C04F79EFBC}") = "TMarsupilami.MathLib.Benchmark", "TMarsupilami.MathLib.Benchmark\TMarsupilami.MathLib.Benchmark.csproj", "{E71C6D27-3532-49D9-822A-C55BCA364B54}"
EndProject
Project("{FAE04EC0-301F-11D3-BF4B-00C04F79EFBC}") = "TMarsupilami.TestModel", "TMarsupilami.TestModel\TMarsupilami.TestModel.csproj", "{651E7D2D-E443-4C0F-96DB-A6CE0CAA92E0}"
EndProject
Project("{FAE04EC0-301F-11D3-BF4B-00C04F79EFBC}") = "TMarsupilami.CoreLib2", "TMarsupilami.CoreLib2\TMarsupilami.CoreLib2.csproj", "{3FFDB9BA-EAE2-458A-975C-BD6EBE8346C9}"
EndProject
Project("{FAE04EC0-301F-11D3-BF4B-00C04F79EFBC}") = "TMarsupilami.Event", "TMarsupilami.Event\TMarsupilami.Event.csproj", "{26D44F01-92D7-4328-AC1A-C2A347DCD1F0}"
EndProject
Project("{FAE04EC0-301F-11D3-BF4B-00C04F79EFBC}") = "TMarsupilami.CoreLib3", "TMarsupilami.CoreLib3\TMarsupilami.CoreLib3.csproj", "{F59ABB60-F582-470F-9A12-2D36B677C224}"
EndProject
Project("{FAE04EC0-301F-11D3-BF4B-00C04F79EFBC}") = "TMarsupilami.AlgLib", "TMarsupilami.AlgLib\TMarsupilami.AlgLib.csproj", "{6C920744-9F03-4338-B10F-6133704CE694}"
EndProject
Project("{FAE04EC0-301F-11D3-BF4B-00C04F79EFBC}") = "TMarsupilami.BenchProblem", "TMarsupilami.BenchProblem\TMarsupilami.BenchProblem.csproj", "{D66D99BC-1E4A-4B01-B869-EE366D23F2F6}"
EndProject
Project("{FAE04EC0-301F-11D3-BF4B-00C04F79EFBC}") = "TMarsupilami.CoreModel", "TMarsupilami.CoreModel\TMarsupilami.CoreModel.csproj", "{833592C8-DB6F-480F-B9DB-CB07871687CA}"
EndProject
Global
	GlobalSection(SolutionConfigurationPlatforms) = preSolution
		Debug|Any CPU = Debug|Any CPU
		Debug32|Any CPU = Debug32|Any CPU
		Debug64|Any CPU = Debug64|Any CPU
		Release|Any CPU = Release|Any CPU
	EndGlobalSection
	GlobalSection(ProjectConfigurationPlatforms) = postSolution
		{B7EB3A87-F9A1-4AF2-94CC-45E607F99BCC}.Debug|Any CPU.ActiveCfg = Debug64|Any CPU
		{B7EB3A87-F9A1-4AF2-94CC-45E607F99BCC}.Debug|Any CPU.Build.0 = Debug64|Any CPU
		{B7EB3A87-F9A1-4AF2-94CC-45E607F99BCC}.Debug32|Any CPU.ActiveCfg = Debug32|Any CPU
		{B7EB3A87-F9A1-4AF2-94CC-45E607F99BCC}.Debug32|Any CPU.Build.0 = Debug32|Any CPU
		{B7EB3A87-F9A1-4AF2-94CC-45E607F99BCC}.Debug64|Any CPU.ActiveCfg = Debug64|Any CPU
		{B7EB3A87-F9A1-4AF2-94CC-45E607F99BCC}.Debug64|Any CPU.Build.0 = Debug64|Any CPU
		{B7EB3A87-F9A1-4AF2-94CC-45E607F99BCC}.Release|Any CPU.ActiveCfg = Release|Any CPU
		{B7EB3A87-F9A1-4AF2-94CC-45E607F99BCC}.Release|Any CPU.Build.0 = Release|Any CPU
		{BE64AB3B-B65B-49AC-A09A-C04F1E207ED9}.Debug|Any CPU.ActiveCfg = Debug|Any CPU
		{BE64AB3B-B65B-49AC-A09A-C04F1E207ED9}.Debug|Any CPU.Build.0 = Debug|Any CPU
		{BE64AB3B-B65B-49AC-A09A-C04F1E207ED9}.Debug32|Any CPU.ActiveCfg = Debug|Any CPU
		{BE64AB3B-B65B-49AC-A09A-C04F1E207ED9}.Debug32|Any CPU.Build.0 = Debug|Any CPU
		{BE64AB3B-B65B-49AC-A09A-C04F1E207ED9}.Debug64|Any CPU.ActiveCfg = Debug|Any CPU
		{BE64AB3B-B65B-49AC-A09A-C04F1E207ED9}.Debug64|Any CPU.Build.0 = Debug|Any CPU
		{BE64AB3B-B65B-49AC-A09A-C04F1E207ED9}.Release|Any CPU.ActiveCfg = Release|Any CPU
		{BE64AB3B-B65B-49AC-A09A-C04F1E207ED9}.Release|Any CPU.Build.0 = Release|Any CPU
		{716AB6EA-8F46-443F-B6DE-A0BC33022739}.Debug|Any CPU.ActiveCfg = Debug64|Any CPU
		{716AB6EA-8F46-443F-B6DE-A0BC33022739}.Debug|Any CPU.Build.0 = Debug64|Any CPU
		{716AB6EA-8F46-443F-B6DE-A0BC33022739}.Debug32|Any CPU.ActiveCfg = Debug64|Any CPU
		{716AB6EA-8F46-443F-B6DE-A0BC33022739}.Debug32|Any CPU.Build.0 = Debug64|Any CPU
		{716AB6EA-8F46-443F-B6DE-A0BC33022739}.Debug64|Any CPU.ActiveCfg = Debug64|Any CPU
		{716AB6EA-8F46-443F-B6DE-A0BC33022739}.Debug64|Any CPU.Build.0 = Debug64|Any CPU
		{716AB6EA-8F46-443F-B6DE-A0BC33022739}.Release|Any CPU.ActiveCfg = Release|Any CPU
		{716AB6EA-8F46-443F-B6DE-A0BC33022739}.Release|Any CPU.Build.0 = Release|Any CPU
		{E71C6D27-3532-49D9-822A-C55BCA364B54}.Debug|Any CPU.ActiveCfg = Debug|Any CPU
		{E71C6D27-3532-49D9-822A-C55BCA364B54}.Debug|Any CPU.Build.0 = Debug|Any CPU
		{E71C6D27-3532-49D9-822A-C55BCA364B54}.Debug32|Any CPU.ActiveCfg = Debug|Any CPU
		{E71C6D27-3532-49D9-822A-C55BCA364B54}.Debug32|Any CPU.Build.0 = Debug|Any CPU
		{E71C6D27-3532-49D9-822A-C55BCA364B54}.Debug64|Any CPU.ActiveCfg = Debug|Any CPU
		{E71C6D27-3532-49D9-822A-C55BCA364B54}.Debug64|Any CPU.Build.0 = Debug|Any CPU
		{E71C6D27-3532-49D9-822A-C55BCA364B54}.Release|Any CPU.ActiveCfg = Release|Any CPU
		{E71C6D27-3532-49D9-822A-C55BCA364B54}.Release|Any CPU.Build.0 = Release|Any CPU
		{651E7D2D-E443-4C0F-96DB-A6CE0CAA92E0}.Debug|Any CPU.ActiveCfg = Debug|Any CPU
		{651E7D2D-E443-4C0F-96DB-A6CE0CAA92E0}.Debug|Any CPU.Build.0 = Debug|Any CPU
		{651E7D2D-E443-4C0F-96DB-A6CE0CAA92E0}.Debug32|Any CPU.ActiveCfg = Debug|Any CPU
		{651E7D2D-E443-4C0F-96DB-A6CE0CAA92E0}.Debug32|Any CPU.Build.0 = Debug|Any CPU
		{651E7D2D-E443-4C0F-96DB-A6CE0CAA92E0}.Debug64|Any CPU.ActiveCfg = Debug|Any CPU
		{651E7D2D-E443-4C0F-96DB-A6CE0CAA92E0}.Debug64|Any CPU.Build.0 = Debug|Any CPU
		{651E7D2D-E443-4C0F-96DB-A6CE0CAA92E0}.Release|Any CPU.ActiveCfg = Release|Any CPU
		{651E7D2D-E443-4C0F-96DB-A6CE0CAA92E0}.Release|Any CPU.Build.0 = Release|Any CPU
		{3FFDB9BA-EAE2-458A-975C-BD6EBE8346C9}.Debug|Any CPU.ActiveCfg = Debug|Any CPU
		{3FFDB9BA-EAE2-458A-975C-BD6EBE8346C9}.Debug|Any CPU.Build.0 = Debug|Any CPU
		{3FFDB9BA-EAE2-458A-975C-BD6EBE8346C9}.Debug32|Any CPU.ActiveCfg = Debug|Any CPU
		{3FFDB9BA-EAE2-458A-975C-BD6EBE8346C9}.Debug32|Any CPU.Build.0 = Debug|Any CPU
		{3FFDB9BA-EAE2-458A-975C-BD6EBE8346C9}.Debug64|Any CPU.ActiveCfg = Debug|Any CPU
		{3FFDB9BA-EAE2-458A-975C-BD6EBE8346C9}.Debug64|Any CPU.Build.0 = Debug|Any CPU
		{3FFDB9BA-EAE2-458A-975C-BD6EBE8346C9}.Release|Any CPU.ActiveCfg = Release|Any CPU
		{3FFDB9BA-EAE2-458A-975C-BD6EBE8346C9}.Release|Any CPU.Build.0 = Release|Any CPU
		{26D44F01-92D7-4328-AC1A-C2A347DCD1F0}.Debug|Any CPU.ActiveCfg = Debug|Any CPU
		{26D44F01-92D7-4328-AC1A-C2A347DCD1F0}.Debug|Any CPU.Build.0 = Debug|Any CPU
		{26D44F01-92D7-4328-AC1A-C2A347DCD1F0}.Debug32|Any CPU.ActiveCfg = Debug|Any CPU
		{26D44F01-92D7-4328-AC1A-C2A347DCD1F0}.Debug32|Any CPU.Build.0 = Debug|Any CPU
		{26D44F01-92D7-4328-AC1A-C2A347DCD1F0}.Debug64|Any CPU.ActiveCfg = Debug|Any CPU
		{26D44F01-92D7-4328-AC1A-C2A347DCD1F0}.Debug64|Any CPU.Build.0 = Debug|Any CPU
		{26D44F01-92D7-4328-AC1A-C2A347DCD1F0}.Release|Any CPU.ActiveCfg = Release|Any CPU
		{26D44F01-92D7-4328-AC1A-C2A347DCD1F0}.Release|Any CPU.Build.0 = Release|Any CPU
		{F59ABB60-F582-470F-9A12-2D36B677C224}.Debug|Any CPU.ActiveCfg = Debug|Any CPU
		{F59ABB60-F582-470F-9A12-2D36B677C224}.Debug|Any CPU.Build.0 = Debug|Any CPU
		{F59ABB60-F582-470F-9A12-2D36B677C224}.Debug32|Any CPU.ActiveCfg = Debug|Any CPU
		{F59ABB60-F582-470F-9A12-2D36B677C224}.Debug32|Any CPU.Build.0 = Debug|Any CPU
		{F59ABB60-F582-470F-9A12-2D36B677C224}.Debug64|Any CPU.ActiveCfg = Debug|Any CPU
		{F59ABB60-F582-470F-9A12-2D36B677C224}.Debug64|Any CPU.Build.0 = Debug|Any CPU
		{F59ABB60-F582-470F-9A12-2D36B677C224}.Release|Any CPU.ActiveCfg = Release|Any CPU
		{F59ABB60-F582-470F-9A12-2D36B677C224}.Release|Any CPU.Build.0 = Release|Any CPU
		{6C920744-9F03-4338-B10F-6133704CE694}.Debug|Any CPU.ActiveCfg = Debug|Any CPU
		{6C920744-9F03-4338-B10F-6133704CE694}.Debug|Any CPU.Build.0 = Debug|Any CPU
		{6C920744-9F03-4338-B10F-6133704CE694}.Debug32|Any CPU.ActiveCfg = Debug|Any CPU
		{6C920744-9F03-4338-B10F-6133704CE694}.Debug32|Any CPU.Build.0 = Debug|Any CPU
		{6C920744-9F03-4338-B10F-6133704CE694}.Debug64|Any CPU.ActiveCfg = Debug|Any CPU
		{6C920744-9F03-4338-B10F-6133704CE694}.Debug64|Any CPU.Build.0 = Debug|Any CPU
		{6C920744-9F03-4338-B10F-6133704CE694}.Release|Any CPU.ActiveCfg = Release|Any CPU
		{6C920744-9F03-4338-B10F-6133704CE694}.Release|Any CPU.Build.0 = Release|Any CPU
		{D66D99BC-1E4A-4B01-B869-EE366D23F2F6}.Debug|Any CPU.ActiveCfg = Debug|Any CPU
		{D66D99BC-1E4A-4B01-B869-EE366D23F2F6}.Debug|Any CPU.Build.0 = Debug|Any CPU
		{D66D99BC-1E4A-4B01-B869-EE366D23F2F6}.Debug32|Any CPU.ActiveCfg = Debug|Any CPU
		{D66D99BC-1E4A-4B01-B869-EE366D23F2F6}.Debug32|Any CPU.Build.0 = Debug|Any CPU
		{D66D99BC-1E4A-4B01-B869-EE366D23F2F6}.Debug64|Any CPU.ActiveCfg = Debug|Any CPU
		{D66D99BC-1E4A-4B01-B869-EE366D23F2F6}.Debug64|Any CPU.Build.0 = Debug|Any CPU
		{D66D99BC-1E4A-4B01-B869-EE366D23F2F6}.Release|Any CPU.ActiveCfg = Release|Any CPU
		{D66D99BC-1E4A-4B01-B869-EE366D23F2F6}.Release|Any CPU.Build.0 = Release|Any CPU
		{833592C8-DB6F-480F-B9DB-CB07871687CA}.Debug|Any CPU.ActiveCfg = Debug|Any CPU
		{833592C8-DB6F-480F-B9DB-CB07871687CA}.Debug|Any CPU.Build.0 = Debug|Any CPU
		{833592C8-DB6F-480F-B9DB-CB07871687CA}.Debug32|Any CPU.ActiveCfg = Debug|Any CPU
		{833592C8-DB6F-480F-B9DB-CB07871687CA}.Debug32|Any CPU.Build.0 = Debug|Any CPU
		{833592C8-DB6F-480F-B9DB-CB07871687CA}.Debug64|Any CPU.ActiveCfg = Debug|Any CPU
		{833592C8-DB6F-480F-B9DB-CB07871687CA}.Debug64|Any CPU.Build.0 = Debug|Any CPU
		{833592C8-DB6F-480F-B9DB-CB07871687CA}.Release|Any CPU.ActiveCfg = Release|Any CPU
		{833592C8-DB6F-480F-B9DB-CB07871687CA}.Release|Any CPU.Build.0 = Release|Any CPU
	EndGlobalSection
	GlobalSection(SolutionProperties) = preSolution
		HideSolutionNode = FALSE
	EndGlobalSection
EndGlobal
